Microsoft Visual Studio Solution File, Format Version 12.00
# Visual Studio Version 17
VisualStudioVersion = 17.10.35027.167
MinimumVisualStudioVersion = 10.0.40219.1
Project("{FAE04EC0-301F-11D3-BF4B-00C04F79EFBC}") = "resistor-color", "resistor-color.csproj", "{79C28346-1D71-475C-A751-25F25276EF0B}"
EndProject
Project("{3AC096D0-A1C2-E12C-1390-A8335801FDAB}") = "resistor-color.Tests", "resistor-color.Tests\resistor-color.Tests.csproj", "{A1B2C3D4-E5F6-7890-1234-56789ABCDEF0}"
EndProject
Global
	GlobalSection(SolutionConfigurationPlatforms) = preSolution
		Debug|Any CPU = Debug|Any CPU
		Release|Any CPU = Release|Any CPU
	EndGlobalSection
	GlobalSection(ProjectConfigurationPlatforms) = postSolution
		{79C28346-1D71-475C-A751-25F25276EF0B}.Debug|Any CPU.ActiveCfg = Debug|Any CPU
		{79C28346-1D71-475C-A751-25F25276EF0B}.Debug|Any CPU.Build.0 = Debug|Any CPU
		{79C28346-1D71-475C-A751-25F25276EF0B}.Release|Any CPU.ActiveCfg = Release|Any CPU
		{79C28346-1D71-475C-A751-25F25276EF0B}.Release|Any CPU.Build.0 = Release|Any CPU
		{A1B2C3D4-E5F6-7890-1234-56789ABCDEF0}.Debug|Any CPU.ActiveCfg = Debug|Any CPU
		{A1B2C3D4-E5F6-7890-1234-56789ABCDEF0}.Debug|Any CPU.Build.0 = Debug|Any CPU
		{A1B2C3D4-E5F6-7890-1234-56789ABCDEF0}.Release|Any CPU.ActiveCfg = Release|Any CPU
		{A1B2C3D4-E5F6-7890-1234-56789ABCDEF0}.Release|Any CPU.Build.0 = Release|Any CPU
	EndGlobalSection
	GlobalSection(SolutionProperties) = preSolution
		HideSolutionNode = FALSE
	EndGlobalSection
	GlobalSection(ExtensibilityGlobals) = postSolution
		SolutionGuid = {48C17297-3DFB-4CC1-BE82-13D2FD86FDC9}
	EndGlobalSection
EndGlobal
